// !$*UTF8*$!
{
	archiveVersion = 1;
	classes = {
	};
	objectVersion = 56;
	objects = {

/* Begin PBXBuildFile section */
		0809954A2AD9512900092D47 /* AppDelegate.swift in Sources */ = {isa = PBXBuildFile; fileRef = 080995492AD9512900092D47 /* AppDelegate.swift */; };
		0809954C2AD9512900092D47 /* SceneDelegate.swift in Sources */ = {isa = PBXBuildFile; fileRef = 0809954B2AD9512900092D47 /* SceneDelegate.swift */; };
		0809954E2AD9512900092D47 /* LoginViewController.swift in Sources */ = {isa = PBXBuildFile; fileRef = 0809954D2AD9512900092D47 /* LoginViewController.swift */; };
		080995532AD9512C00092D47 /* Assets.xcassets in Resources */ = {isa = PBXBuildFile; fileRef = 080995522AD9512C00092D47 /* Assets.xcassets */; };
		0809955F2AD9527200092D47 /* RiveRuntime in Frameworks */ = {isa = PBXBuildFile; productRef = 0809955E2AD9527200092D47 /* RiveRuntime */; };
		080995622AD9528200092D47 /* SnapKit in Frameworks */ = {isa = PBXBuildFile; productRef = 080995612AD9528200092D47 /* SnapKit */; };
		080995642AD9528200092D47 /* SnapKit-Dynamic in Frameworks */ = {isa = PBXBuildFile; productRef = 080995632AD9528200092D47 /* SnapKit-Dynamic */; };
		080995662AD9570800092D47 /* SuccessVC.swift in Sources */ = {isa = PBXBuildFile; fileRef = 080995652AD9570800092D47 /* SuccessVC.swift */; };
		080995682AD9582200092D47 /* background.riv in Resources */ = {isa = PBXBuildFile; fileRef = 080995672AD9582200092D47 /* background.riv */; };
		0809956B2AD96CC500092D47 /* FirebaseAnalytics in Frameworks */ = {isa = PBXBuildFile; productRef = 0809956A2AD96CC500092D47 /* FirebaseAnalytics */; };
		0809956D2AD96CC500092D47 /* FirebaseAnalyticsOnDeviceConversion in Frameworks */ = {isa = PBXBuildFile; productRef = 0809956C2AD96CC500092D47 /* FirebaseAnalyticsOnDeviceConversion */; };
		0809956F2AD96CC500092D47 /* FirebaseAnalyticsSwift in Frameworks */ = {isa = PBXBuildFile; productRef = 0809956E2AD96CC500092D47 /* FirebaseAnalyticsSwift */; };
		080995712AD96CC500092D47 /* FirebaseAnalyticsWithoutAdIdSupport in Frameworks */ = {isa = PBXBuildFile; productRef = 080995702AD96CC500092D47 /* FirebaseAnalyticsWithoutAdIdSupport */; };
		080995732AD96CC500092D47 /* FirebaseAppCheck in Frameworks */ = {isa = PBXBuildFile; productRef = 080995722AD96CC500092D47 /* FirebaseAppCheck */; };
		080995752AD970CF00092D47 /* FirebaseAnalytics in Frameworks */ = {isa = PBXBuildFile; productRef = 080995742AD970CF00092D47 /* FirebaseAnalytics */; };
		080995772AD970CF00092D47 /* FirebaseAnalyticsOnDeviceConversion in Frameworks */ = {isa = PBXBuildFile; productRef = 080995762AD970CF00092D47 /* FirebaseAnalyticsOnDeviceConversion */; };
		080995792AD970CF00092D47 /* FirebaseAnalyticsSwift in Frameworks */ = {isa = PBXBuildFile; productRef = 080995782AD970CF00092D47 /* FirebaseAnalyticsSwift */; };
		0809957B2AD970CF00092D47 /* FirebaseAnalyticsWithoutAdIdSupport in Frameworks */ = {isa = PBXBuildFile; productRef = 0809957A2AD970CF00092D47 /* FirebaseAnalyticsWithoutAdIdSupport */; };
		0809957D2AD970CF00092D47 /* FirebaseAppCheck in Frameworks */ = {isa = PBXBuildFile; productRef = 0809957C2AD970CF00092D47 /* FirebaseAppCheck */; };
		080995802AD9710D00092D47 /* FirebaseAuth in Frameworks */ = {isa = PBXBuildFile; productRef = 0809957F2AD9710D00092D47 /* FirebaseAuth */; };
		080995822AD973E400092D47 /* GoogleService-Info.plist in Resources */ = {isa = PBXBuildFile; fileRef = 080995812AD973E400092D47 /* GoogleService-Info.plist */; };
/* End PBXBuildFile section */

/* Begin PBXFileReference section */
		080995462AD9512900092D47 /* FBTest.app */ = {isa = PBXFileReference; explicitFileType = wrapper.application; includeInIndex = 0; path = FBTest.app; sourceTree = BUILT_PRODUCTS_DIR; };
		080995492AD9512900092D47 /* AppDelegate.swift */ = {isa = PBXFileReference; lastKnownFileType = sourcecode.swift; path = AppDelegate.swift; sourceTree = "<group>"; };
		0809954B2AD9512900092D47 /* SceneDelegate.swift */ = {isa = PBXFileReference; lastKnownFileType = sourcecode.swift; path = SceneDelegate.swift; sourceTree = "<group>"; };
		0809954D2AD9512900092D47 /* LoginViewController.swift */ = {isa = PBXFileReference; lastKnownFileType = sourcecode.swift; path = LoginViewController.swift; sourceTree = "<group>"; };
		080995522AD9512C00092D47 /* Assets.xcassets */ = {isa = PBXFileReference; lastKnownFileType = folder.assetcatalog; path = Assets.xcassets; sourceTree = "<group>"; };
		080995572AD9512C00092D47 /* Info.plist */ = {isa = PBXFileReference; lastKnownFileType = text.plist.xml; path = Info.plist; sourceTree = "<group>"; };
		080995652AD9570800092D47 /* SuccessVC.swift */ = {isa = PBXFileReference; lastKnownFileType = sourcecode.swift; path = SuccessVC.swift; sourceTree = "<group>"; };
		080995672AD9582200092D47 /* background.riv */ = {isa = PBXFileReference; lastKnownFileType = file; path = background.riv; sourceTree = "<group>"; };
		080995812AD973E400092D47 /* GoogleService-Info.plist */ = {isa = PBXFileReference; fileEncoding = 4; lastKnownFileType = text.plist.xml; path = "GoogleService-Info.plist"; sourceTree = "<group>"; };
/* End PBXFileReference section */

/* Begin PBXFrameworksBuildPhase section */
		080995432AD9512900092D47 /* Frameworks */ = {
			isa = PBXFrameworksBuildPhase;
			buildActionMask = 2147483647;
			files = (
				080995732AD96CC500092D47 /* FirebaseAppCheck in Frameworks */,
				0809957D2AD970CF00092D47 /* FirebaseAppCheck in Frameworks */,
				0809956F2AD96CC500092D47 /* FirebaseAnalyticsSwift in Frameworks */,
				0809955F2AD9527200092D47 /* RiveRuntime in Frameworks */,
				080995792AD970CF00092D47 /* FirebaseAnalyticsSwift in Frameworks */,
				080995802AD9710D00092D47 /* FirebaseAuth in Frameworks */,
				080995622AD9528200092D47 /* SnapKit in Frameworks */,
				0809956D2AD96CC500092D47 /* FirebaseAnalyticsOnDeviceConversion in Frameworks */,
				080995712AD96CC500092D47 /* FirebaseAnalyticsWithoutAdIdSupport in Frameworks */,
				0809957B2AD970CF00092D47 /* FirebaseAnalyticsWithoutAdIdSupport in Frameworks */,
				0809956B2AD96CC500092D47 /* FirebaseAnalytics in Frameworks */,
				080995772AD970CF00092D47 /* FirebaseAnalyticsOnDeviceConversion in Frameworks */,
				080995642AD9528200092D47 /* SnapKit-Dynamic in Frameworks */,
				080995752AD970CF00092D47 /* FirebaseAnalytics in Frameworks */,
			);
			runOnlyForDeploymentPostprocessing = 0;
		};
/* End PBXFrameworksBuildPhase section */

/* Begin PBXGroup section */
		0809953D2AD9512900092D47 = {
			isa = PBXGroup;
			children = (
				080995482AD9512900092D47 /* FBTest */,
				080995472AD9512900092D47 /* Products */,
				0809957E2AD9710D00092D47 /* Frameworks */,
			);
			sourceTree = "<group>";
		};
		080995472AD9512900092D47 /* Products */ = {
			isa = PBXGroup;
			children = (
				080995462AD9512900092D47 /* FBTest.app */,
			);
			name = Products;
			sourceTree = "<group>";
		};
		080995482AD9512900092D47 /* FBTest */ = {
			isa = PBXGroup;
			children = (
				080995672AD9582200092D47 /* background.riv */,
				080995492AD9512900092D47 /* AppDelegate.swift */,
				0809954B2AD9512900092D47 /* SceneDelegate.swift */,
				0809954D2AD9512900092D47 /* LoginViewController.swift */,
				080995652AD9570800092D47 /* SuccessVC.swift */,
				080995522AD9512C00092D47 /* Assets.xcassets */,
				080995572AD9512C00092D47 /* Info.plist */,
				080995812AD973E400092D47 /* GoogleService-Info.plist */,
			);
			path = FBTest;
			sourceTree = "<group>";
		};
		0809957E2AD9710D00092D47 /* Frameworks */ = {
			isa = PBXGroup;
			children = (
			);
			name = Frameworks;
			sourceTree = "<group>";
		};
/* End PBXGroup section */

/* Begin PBXNativeTarget section */
		080995452AD9512900092D47 /* FBTest */ = {
			isa = PBXNativeTarget;
			buildConfigurationList = 0809955A2AD9512C00092D47 /* Build configuration list for PBXNativeTarget "FBTest" */;
			buildPhases = (
				080995422AD9512900092D47 /* Sources */,
				080995432AD9512900092D47 /* Frameworks */,
				080995442AD9512900092D47 /* Resources */,
			);
			buildRules = (
			);
			dependencies = (
			);
			name = FBTest;
			packageProductDependencies = (
				0809955E2AD9527200092D47 /* RiveRuntime */,
				080995612AD9528200092D47 /* SnapKit */,
				080995632AD9528200092D47 /* SnapKit-Dynamic */,
				0809956A2AD96CC500092D47 /* FirebaseAnalytics */,
				0809956C2AD96CC500092D47 /* FirebaseAnalyticsOnDeviceConversion */,
				0809956E2AD96CC500092D47 /* FirebaseAnalyticsSwift */,
				080995702AD96CC500092D47 /* FirebaseAnalyticsWithoutAdIdSupport */,
				080995722AD96CC500092D47 /* FirebaseAppCheck */,
				080995742AD970CF00092D47 /* FirebaseAnalytics */,
				080995762AD970CF00092D47 /* FirebaseAnalyticsOnDeviceConversion */,
				080995782AD970CF00092D47 /* FirebaseAnalyticsSwift */,
				0809957A2AD970CF00092D47 /* FirebaseAnalyticsWithoutAdIdSupport */,
				0809957C2AD970CF00092D47 /* FirebaseAppCheck */,
				0809957F2AD9710D00092D47 /* FirebaseAuth */,
			);
			productName = FBTest;
			productReference = 080995462AD9512900092D47 /* FBTest.app */;
			productType = "com.apple.product-type.application";
		};
/* End PBXNativeTarget section */

/* Begin PBXProject section */
		0809953E2AD9512900092D47 /* Project object */ = {
			isa = PBXProject;
			attributes = {
				BuildIndependentTargetsInParallel = 1;
				LastSwiftUpdateCheck = 1500;
				LastUpgradeCheck = 1500;
				TargetAttributes = {
					080995452AD9512900092D47 = {
						CreatedOnToolsVersion = 15.0;
					};
				};
			};
			buildConfigurationList = 080995412AD9512900092D47 /* Build configuration list for PBXProject "FBTest" */;
			compatibilityVersion = "Xcode 14.0";
			developmentRegion = en;
			hasScannedForEncodings = 0;
			knownRegions = (
				en,
				Base,
			);
			mainGroup = 0809953D2AD9512900092D47;
			packageReferences = (
				0809955D2AD9527200092D47 /* XCRemoteSwiftPackageReference "rive-ios" */,
				080995602AD9528200092D47 /* XCRemoteSwiftPackageReference "SnapKit" */,
				080995692AD96CC500092D47 /* XCRemoteSwiftPackageReference "firebase-ios-sdk" */,
			);
			productRefGroup = 080995472AD9512900092D47 /* Products */;
			projectDirPath = "";
			projectRoot = "";
			targets = (
				080995452AD9512900092D47 /* FBTest */,
			);
		};
/* End PBXProject section */

/* Begin PBXResourcesBuildPhase section */
		080995442AD9512900092D47 /* Resources */ = {
			isa = PBXResourcesBuildPhase;
			buildActionMask = 2147483647;
			files = (
				080995822AD973E400092D47 /* GoogleService-Info.plist in Resources */,
				080995532AD9512C00092D47 /* Assets.xcassets in Resources */,
				080995682AD9582200092D47 /* background.riv in Resources */,
			);
			runOnlyForDeploymentPostprocessing = 0;
		};
/* End PBXResourcesBuildPhase section */

/* Begin PBXSourcesBuildPhase section */
		080995422AD9512900092D47 /* Sources */ = {
			isa = PBXSourcesBuildPhase;
			buildActionMask = 2147483647;
			files = (
				080995662AD9570800092D47 /* SuccessVC.swift in Sources */,
				0809954E2AD9512900092D47 /* LoginViewController.swift in Sources */,
				0809954A2AD9512900092D47 /* AppDelegate.swift in Sources */,
				0809954C2AD9512900092D47 /* SceneDelegate.swift in Sources */,
			);
			runOnlyForDeploymentPostprocessing = 0;
		};
/* End PBXSourcesBuildPhase section */

/* Begin XCBuildConfiguration section */
		080995582AD9512C00092D47 /* Debug */ = {
			isa = XCBuildConfiguration;
			buildSettings = {
				ALWAYS_SEARCH_USER_PATHS = NO;
				ASSETCATALOG_COMPILER_GENERATE_SWIFT_ASSET_SYMBOL_EXTENSIONS = YES;
				CLANG_ANALYZER_NONNULL = YES;
				CLANG_ANALYZER_NUMBER_OBJECT_CONVERSION = YES_AGGRESSIVE;
				CLANG_CXX_LANGUAGE_STANDARD = "gnu++20";
				CLANG_ENABLE_MODULES = YES;
				CLANG_ENABLE_OBJC_ARC = YES;
				CLANG_ENABLE_OBJC_WEAK = YES;
				CLANG_WARN_BLOCK_CAPTURE_AUTORELEASING = YES;
				CLANG_WARN_BOOL_CONVERSION = YES;
				CLANG_WARN_COMMA = YES;
				CLANG_WARN_CONSTANT_CONVERSION = YES;
				CLANG_WARN_DEPRECATED_OBJC_IMPLEMENTATIONS = YES;
				CLANG_WARN_DIRECT_OBJC_ISA_USAGE = YES_ERROR;
				CLANG_WARN_DOCUMENTATION_COMMENTS = YES;
				CLANG_WARN_EMPTY_BODY = YES;
				CLANG_WARN_ENUM_CONVERSION = YES;
				CLANG_WARN_INFINITE_RECURSION = YES;
				CLANG_WARN_INT_CONVERSION = YES;
				CLANG_WARN_NON_LITERAL_NULL_CONVERSION = YES;
				CLANG_WARN_OBJC_IMPLICIT_RETAIN_SELF = YES;
				CLANG_WARN_OBJC_LITERAL_CONVERSION = YES;
				CLANG_WARN_OBJC_ROOT_CLASS = YES_ERROR;
				CLANG_WARN_QUOTED_INCLUDE_IN_FRAMEWORK_HEADER = YES;
				CLANG_WARN_RANGE_LOOP_ANALYSIS = YES;
				CLANG_WARN_STRICT_PROTOTYPES = YES;
				CLANG_WARN_SUSPICIOUS_MOVE = YES;
				CLANG_WARN_UNGUARDED_AVAILABILITY = YES_AGGRESSIVE;
				CLANG_WARN_UNREACHABLE_CODE = YES;
				CLANG_WARN__DUPLICATE_METHOD_MATCH = YES;
				COPY_PHASE_STRIP = NO;
				DEBUG_INFORMATION_FORMAT = dwarf;
				ENABLE_STRICT_OBJC_MSGSEND = YES;
				ENABLE_TESTABILITY = YES;
				ENABLE_USER_SCRIPT_SANDBOXING = YES;
				GCC_C_LANGUAGE_STANDARD = gnu17;
				GCC_DYNAMIC_NO_PIC = NO;
				GCC_NO_COMMON_BLOCKS = YES;
				GCC_OPTIMIZATION_LEVEL = 0;
				GCC_PREPROCESSOR_DEFINITIONS = (
					"DEBUG=1",
					"$(inherited)",
				);
				GCC_WARN_64_TO_32_BIT_CONVERSION = YES;
				GCC_WARN_ABOUT_RETURN_TYPE = YES_ERROR;
				GCC_WARN_UNDECLARED_SELECTOR = YES;
				GCC_WARN_UNINITIALIZED_AUTOS = YES_AGGRESSIVE;
				GCC_WARN_UNUSED_FUNCTION = YES;
				GCC_WARN_UNUSED_VARIABLE = YES;
				IPHONEOS_DEPLOYMENT_TARGET = 17.0;
				LOCALIZATION_PREFERS_STRING_CATALOGS = YES;
				MTL_ENABLE_DEBUG_INFO = INCLUDE_SOURCE;
				MTL_FAST_MATH = YES;
				ONLY_ACTIVE_ARCH = YES;
				SDKROOT = iphoneos;
				SWIFT_ACTIVE_COMPILATION_CONDITIONS = "DEBUG $(inherited)";
				SWIFT_OPTIMIZATION_LEVEL = "-Onone";
			};
			name = Debug;
		};
		080995592AD9512C00092D47 /* Release */ = {
			isa = XCBuildConfiguration;
			buildSettings = {
				ALWAYS_SEARCH_USER_PATHS = NO;
				ASSETCATALOG_COMPILER_GENERATE_SWIFT_ASSET_SYMBOL_EXTENSIONS = YES;
				CLANG_ANALYZER_NONNULL = YES;
				CLANG_ANALYZER_NUMBER_OBJECT_CONVERSION = YES_AGGRESSIVE;
				CLANG_CXX_LANGUAGE_STANDARD = "gnu++20";
				CLANG_ENABLE_MODULES = YES;
				CLANG_ENABLE_OBJC_ARC = YES;
				CLANG_ENABLE_OBJC_WEAK = YES;
				CLANG_WARN_BLOCK_CAPTURE_AUTORELEASING = YES;
				CLANG_WARN_BOOL_CONVERSION = YES;
				CLANG_WARN_COMMA = YES;
				CLANG_WARN_CONSTANT_CONVERSION = YES;
				CLANG_WARN_DEPRECATED_OBJC_IMPLEMENTATIONS = YES;
				CLANG_WARN_DIRECT_OBJC_ISA_USAGE = YES_ERROR;
				CLANG_WARN_DOCUMENTATION_COMMENTS = YES;
				CLANG_WARN_EMPTY_BODY = YES;
				CLANG_WARN_ENUM_CONVERSION = YES;
				CLANG_WARN_INFINITE_RECURSION = YES;
				CLANG_WARN_INT_CONVERSION = YES;
				CLANG_WARN_NON_LITERAL_NULL_CONVERSION = YES;
				CLANG_WARN_OBJC_IMPLICIT_RETAIN_SELF = YES;
				CLANG_WARN_OBJC_LITERAL_CONVERSION = YES;
				CLANG_WARN_OBJC_ROOT_CLASS = YES_ERROR;
				CLANG_WARN_QUOTED_INCLUDE_IN_FRAMEWORK_HEADER = YES;
				CLANG_WARN_RANGE_LOOP_ANALYSIS = YES;
				CLANG_WARN_STRICT_PROTOTYPES = YES;
				CLANG_WARN_SUSPICIOUS_MOVE = YES;
				CLANG_WARN_UNGUARDED_AVAILABILITY = YES_AGGRESSIVE;
				CLANG_WARN_UNREACHABLE_CODE = YES;
				CLANG_WARN__DUPLICATE_METHOD_MATCH = YES;
				COPY_PHASE_STRIP = NO;
				DEBUG_INFORMATION_FORMAT = "dwarf-with-dsym";
				ENABLE_NS_ASSERTIONS = NO;
				ENABLE_STRICT_OBJC_MSGSEND = YES;
				ENABLE_USER_SCRIPT_SANDBOXING = YES;
				GCC_C_LANGUAGE_STANDARD = gnu17;
				GCC_NO_COMMON_BLOCKS = YES;
				GCC_WARN_64_TO_32_BIT_CONVERSION = YES;
				GCC_WARN_ABOUT_RETURN_TYPE = YES_ERROR;
				GCC_WARN_UNDECLARED_SELECTOR = YES;
				GCC_WARN_UNINITIALIZED_AUTOS = YES_AGGRESSIVE;
				GCC_WARN_UNUSED_FUNCTION = YES;
				GCC_WARN_UNUSED_VARIABLE = YES;
				IPHONEOS_DEPLOYMENT_TARGET = 17.0;
				LOCALIZATION_PREFERS_STRING_CATALOGS = YES;
				MTL_ENABLE_DEBUG_INFO = NO;
				MTL_FAST_MATH = YES;
				SDKROOT = iphoneos;
				SWIFT_COMPILATION_MODE = wholemodule;
				VALIDATE_PRODUCT = YES;
			};
			name = Release;
		};
		0809955B2AD9512C00092D47 /* Debug */ = {
			isa = XCBuildConfiguration;
			buildSettings = {
				ASSETCATALOG_COMPILER_APPICON_NAME = AppIcon;
				ASSETCATALOG_COMPILER_GLOBAL_ACCENT_COLOR_NAME = AccentColor;
				CODE_SIGN_STYLE = Automatic;
				CURRENT_PROJECT_VERSION = 1;
				DEVELOPMENT_TEAM = VGM28F2FH7;
				GENERATE_INFOPLIST_FILE = YES;
				INFOPLIST_FILE = FBTest/Info.plist;
				INFOPLIST_KEY_UIApplicationSupportsIndirectInputEvents = YES;
				INFOPLIST_KEY_UILaunchStoryboardName = LaunchScreen;
				INFOPLIST_KEY_UISupportedInterfaceOrientations_iPad = "UIInterfaceOrientationPortrait UIInterfaceOrientationPortraitUpsideDown UIInterfaceOrientationLandscapeLeft UIInterfaceOrientationLandscapeRight";
				INFOPLIST_KEY_UISupportedInterfaceOrientations_iPhone = "UIInterfaceOrientationPortrait UIInterfaceOrientationLandscapeLeft UIInterfaceOrientationLandscapeRight";
				IPHONEOS_DEPLOYMENT_TARGET = 15.0;
				LD_RUNPATH_SEARCH_PATHS = (
					"$(inherited)",
					"@executable_path/Frameworks",
				);
				MARKETING_VERSION = 1.0;
				PRODUCT_BUNDLE_IDENTIFIER = JongHyuckJeon.FBTest;
				PRODUCT_NAME = "$(TARGET_NAME)";
				SWIFT_EMIT_LOC_STRINGS = YES;
				SWIFT_VERSION = 5.0;
				TARGETED_DEVICE_FAMILY = "1,2";
			};
			name = Debug;
		};
		0809955C2AD9512C00092D47 /* Release */ = {
			isa = XCBuildConfiguration;
			buildSettings = {
				ASSETCATALOG_COMPILER_APPICON_NAME = AppIcon;
				ASSETCATALOG_COMPILER_GLOBAL_ACCENT_COLOR_NAME = AccentColor;
				CODE_SIGN_STYLE = Automatic;
				CURRENT_PROJECT_VERSION = 1;
				DEVELOPMENT_TEAM = VGM28F2FH7;
				GENERATE_INFOPLIST_FILE = YES;
				INFOPLIST_FILE = FBTest/Info.plist;
				INFOPLIST_KEY_UIApplicationSupportsIndirectInputEvents = YES;
				INFOPLIST_KEY_UILaunchStoryboardName = LaunchScreen;
				INFOPLIST_KEY_UISupportedInterfaceOrientations_iPad = "UIInterfaceOrientationPortrait UIInterfaceOrientationPortraitUpsideDown UIInterfaceOrientationLandscapeLeft UIInterfaceOrientationLandscapeRight";
				INFOPLIST_KEY_UISupportedInterfaceOrientations_iPhone = "UIInterfaceOrientationPortrait UIInterfaceOrientationLandscapeLeft UIInterfaceOrientationLandscapeRight";
				IPHONEOS_DEPLOYMENT_TARGET = 15.0;
				LD_RUNPATH_SEARCH_PATHS = (
					"$(inherited)",
					"@executable_path/Frameworks",
				);
				MARKETING_VERSION = 1.0;
				PRODUCT_BUNDLE_IDENTIFIER = JongHyuckJeon.FBTest;
				PRODUCT_NAME = "$(TARGET_NAME)";
				SWIFT_EMIT_LOC_STRINGS = YES;
				SWIFT_VERSION = 5.0;
				TARGETED_DEVICE_FAMILY = "1,2";
			};
			name = Release;
		};
/* End XCBuildConfiguration section */

/* Begin XCConfigurationList section */
		080995412AD9512900092D47 /* Build configuration list for PBXProject "FBTest" */ = {
			isa = XCConfigurationList;
			buildConfigurations = (
				080995582AD9512C00092D47 /* Debug */,
				080995592AD9512C00092D47 /* Release */,
			);
			defaultConfigurationIsVisible = 0;
			defaultConfigurationName = Release;
		};
		0809955A2AD9512C00092D47 /* Build configuration list for PBXNativeTarget "FBTest" */ = {
			isa = XCConfigurationList;
			buildConfigurations = (
				0809955B2AD9512C00092D47 /* Debug */,
				0809955C2AD9512C00092D47 /* Release */,
			);
			defaultConfigurationIsVisible = 0;
			defaultConfigurationName = Release;
		};
/* End XCConfigurationList section */

/* Begin XCRemoteSwiftPackageReference section */
		0809955D2AD9527200092D47 /* XCRemoteSwiftPackageReference "rive-ios" */ = {
			isa = XCRemoteSwiftPackageReference;
			repositoryURL = "https://github.com/rive-app/rive-ios.git";
			requirement = {
				kind = upToNextMajorVersion;
				minimumVersion = 5.3.2;
			};
		};
		080995602AD9528200092D47 /* XCRemoteSwiftPackageReference "SnapKit" */ = {
			isa = XCRemoteSwiftPackageReference;
			repositoryURL = "https://github.com/SnapKit/SnapKit.git";
			requirement = {
				kind = upToNextMajorVersion;
				minimumVersion = 5.5.0;
			};
		};
		080995692AD96CC500092D47 /* XCRemoteSwiftPackageReference "firebase-ios-sdk" */ = {
			isa = XCRemoteSwiftPackageReference;
			repositoryURL = "https://github.com/firebase/firebase-ios-sdk";
			requirement = {
				kind = upToNextMajorVersion;
				minimumVersion = 10.15.0;
			};
		};
/* End XCRemoteSwiftPackageReference section */

/* Begin XCSwiftPackageProductDependency section */
		0809955E2AD9527200092D47 /* RiveRuntime */ = {
			isa = XCSwiftPackageProductDependency;
			package = 0809955D2AD9527200092D47 /* XCRemoteSwiftPackageReference "rive-ios" */;
			productName = RiveRuntime;
		};
		080995612AD9528200092D47 /* SnapKit */ = {
			isa = XCSwiftPackageProductDependency;
			package = 080995602AD9528200092D47 /* XCRemoteSwiftPackageReference "SnapKit" */;
			productName = SnapKit;
		};
		080995632AD9528200092D47 /* SnapKit-Dynamic */ = {
			isa = XCSwiftPackageProductDependency;
			package = 080995602AD9528200092D47 /* XCRemoteSwiftPackageReference "SnapKit" */;
			productName = "SnapKit-Dynamic";
		};
		0809956A2AD96CC500092D47 /* FirebaseAnalytics */ = {
			isa = XCSwiftPackageProductDependency;
			package = 080995692AD96CC500092D47 /* XCRemoteSwiftPackageReference "firebase-ios-sdk" */;
			productName = FirebaseAnalytics;
		};
		0809956C2AD96CC500092D47 /* FirebaseAnalyticsOnDeviceConversion */ = {
			isa = XCSwiftPackageProductDependency;
			package = 080995692AD96CC500092D47 /* XCRemoteSwiftPackageReference "firebase-ios-sdk" */;
			productName = FirebaseAnalyticsOnDeviceConversion;
		};
		0809956E2AD96CC500092D47 /* FirebaseAnalyticsSwift */ = {
			isa = XCSwiftPackageProductDependency;
			package = 080995692AD96CC500092D47 /* XCRemoteSwiftPackageReference "firebase-ios-sdk" */;
			productName = FirebaseAnalyticsSwift;
		};
		080995702AD96CC500092D47 /* FirebaseAnalyticsWithoutAdIdSupport */ = {
			isa = XCSwiftPackageProductDependency;
			package = 080995692AD96CC500092D47 /* XCRemoteSwiftPackageReference "firebase-ios-sdk" */;
			productName = FirebaseAnalyticsWithoutAdIdSupport;
		};
		080995722AD96CC500092D47 /* FirebaseAppCheck */ = {
			isa = XCSwiftPackageProductDependency;
			package = 080995692AD96CC500092D47 /* XCRemoteSwiftPackageReference "firebase-ios-sdk" */;
			productName = FirebaseAppCheck;
		};
		080995742AD970CF00092D47 /* FirebaseAnalytics */ = {
			isa = XCSwiftPackageProductDependency;
			package = 080995692AD96CC500092D47 /* XCRemoteSwiftPackageReference "firebase-ios-sdk" */;
			productName = FirebaseAnalytics;
		};
		080995762AD970CF00092D47 /* FirebaseAnalyticsOnDeviceConversion */ = {
			isa = XCSwiftPackageProductDependency;
			package = 080995692AD96CC500092D47 /* XCRemoteSwiftPackageReference "firebase-ios-sdk" */;
			productName = FirebaseAnalyticsOnDeviceConversion;
		};
		080995782AD970CF00092D47 /* FirebaseAnalyticsSwift */ = {
			isa = XCSwiftPackageProductDependency;
			package = 080995692AD96CC500092D47 /* XCRemoteSwiftPackageReference "firebase-ios-sdk" */;
			productName = FirebaseAnalyticsSwift;
		};
		0809957A2AD970CF00092D47 /* FirebaseAnalyticsWithoutAdIdSupport */ = {
			isa = XCSwiftPackageProductDependency;
			package = 080995692AD96CC500092D47 /* XCRemoteSwiftPackageReference "firebase-ios-sdk" */;
			productName = FirebaseAnalyticsWithoutAdIdSupport;
		};
		0809957C2AD970CF00092D47 /* FirebaseAppCheck */ = {
			isa = XCSwiftPackageProductDependency;
			package = 080995692AD96CC500092D47 /* XCRemoteSwiftPackageReference "firebase-ios-sdk" */;
			productName = FirebaseAppCheck;
		};
		0809957F2AD9710D00092D47 /* FirebaseAuth */ = {
			isa = XCSwiftPackageProductDependency;
			package = 080995692AD96CC500092D47 /* XCRemoteSwiftPackageReference "firebase-ios-sdk" */;
			productName = FirebaseAuth;
		};
/* End XCSwiftPackageProductDependency section */
	};
	rootObject = 0809953E2AD9512900092D47 /* Project object */;
}
